
Microsoft Visual Studio Solution File, Format Version 12.00
# Visual Studio 15
VisualStudioVersion = 15.0.26730.15
MinimumVisualStudioVersion = 10.0.40219.1
Project("{8BC9CEB8-8B4A-11D0-8D11-00A0C91BC942}") = "Article_10", "Article_10\Article_10.vcxproj", "{EA830526-56B7-408F-B76F-842EFA8DB2FB}"
EndProject
Global
	GlobalSection(SolutionConfigurationPlatforms) = preSolution
		Debug|x64 = Debug|x64
		Debug|x86 = Debug|x86
		Release|x64 = Release|x64
		Release|x86 = Release|x86
	EndGlobalSection
	GlobalSection(ProjectConfigurationPlatforms) = postSolution
		{EA830526-56B7-408F-B76F-842EFA8DB2FB}.Debug|x64.ActiveCfg = Debug|x64
		{EA830526-56B7-408F-B76F-842EFA8DB2FB}.Debug|x64.Build.0 = Debug|x64
		{EA830526-56B7-408F-B76F-842EFA8DB2FB}.Debug|x86.ActiveCfg = Debug|Win32
		{EA830526-56B7-408F-B76F-842EFA8DB2FB}.Debug|x86.Build.0 = Debug|Win32
		{EA830526-56B7-408F-B76F-842EFA8DB2FB}.Release|x64.ActiveCfg = Release|x64
		{EA830526-56B7-408F-B76F-842EFA8DB2FB}.Release|x64.Build.0 = Release|x64
		{EA830526-56B7-408F-B76F-842EFA8DB2FB}.Release|x86.ActiveCfg = Release|Win32
		{EA830526-56B7-408F-B76F-842EFA8DB2FB}.Release|x86.Build.0 = Release|Win32
	EndGlobalSection
	GlobalSection(SolutionProperties) = preSolution
		HideSolutionNode = FALSE
	EndGlobalSection
	GlobalSection(ExtensibilityGlobals) = postSolution
		SolutionGuid = {C1C32E53-E60B-474C-9A91-C205A0851509}
	EndGlobalSection
EndGlobal
